# This file was autogenerated by Stack.
# You should not edit this file by hand.
# For more information, please see the documentation at:
#   https://docs.haskellstack.org/en/stable/lock_files

packages:
- completed:
    hackage: HUnit-1.6.2.0@sha256:1a79174e8af616117ad39464cac9de205ca923da6582825e97c10786fda933a4,1588
    pantry-tree:
      size: 878
      sha256: 4f20a5a33866171260d0ee1e256c27f53cc84d37a68d498c3e12347f4e3d05b4
  original:
    hackage: HUnit-1.6.2.0
- completed:
    hackage: QuickCheck-2.14.2@sha256:4ce29211223d5e6620ebceba34a3ca9ccf1c10c0cf387d48aea45599222ee5aa,7736
    pantry-tree:
      size: 2315
      sha256: 2fe423d0ed7cd64f0f165d708779f48814e66c4f181c568468134af55d86a5f8
  original:
    hackage: QuickCheck-2.14.2
- completed:
    hackage: hlint-3.2.7@sha256:9f8450464f6ad362d85f529fe409e03cb356804ef9c7318da1699dbcbc284c47,4163
    pantry-tree:
      size: 5452
      sha256: 5949d6919e1dfd31c6d8c1082ca64211ae1d2437d685c106f1616592ea50dbe1
  original:
    hackage: hlint-3.2.7
- completed:
    hackage: random-1.2.0@sha256:30d72df4cc1d2fe2d445c88f0ee9d21965af7ce86660c43a6c32a6a1d90d51c9,6094
    pantry-tree:
      size: 1259
      sha256: 92b5a834ba603ee4d006968a75847f4fd93a566b8a96e1b463b8229f8ce9961d
  original:
    hackage: random-1.2.0
- completed:
    hackage: call-stack-0.3.0@sha256:dc369179410fd39542efde04778d1c4a18a015b3cf4b1703d9c88e07d58ece20,1105
    pantry-tree:
      size: 501
      sha256: db9e7cef1195c13cc9ceede808a7be464fe0c38fcdfcbf5224bfa3fe6411a460
  original:
    hackage: call-stack-0.3.0
- completed:
    hackage: textPlot-1.0@sha256:adcb61573078b42034f2d191a26971a752ce82fe7f572943f6d26865fc374c78,650
    pantry-tree:
      size: 203
      sha256: 55330c58a0e10a1855ea0ab9160c4f20326100159d88a58c8fb0b10ce3b26651
  original:
    hackage: textPlot-1.0
snapshots:
- completed:
    size: 567241
    url: https://raw.githubusercontent.com/commercialhaskell/stackage-snapshots/master/lts/17/10.yaml
    sha256: 321b3b9f0c7f76994b39e0dabafdc76478274b4ff74cc5e43d410897a335ad3b
  original:
    url: https://raw.githubusercontent.com/commercialhaskell/stackage-snapshots/master/lts/17/10.yaml
